// !$*UTF8*$!
{
	archiveVersion = 1;
	classes = {
	};
	objectVersion = 56;
	objects = {

/* Begin PBXBuildFile section */
		368C404379870CC669C7159E /* Pods_MovieApp_MovieAppUITests.framework in Frameworks */ = {isa = PBXBuildFile; fileRef = 99FE79C941C2A27C80E58EF1 /* Pods_MovieApp_MovieAppUITests.framework */; };
		4695CDA36C2AFF30BB2D79F1 /* Pods_MovieAppTests.framework in Frameworks */ = {isa = PBXBuildFile; fileRef = E1A7B902F614FEBE093AFCD1 /* Pods_MovieAppTests.framework */; };
		4B149DD32A82C2C3003292C1 /* UIImageViewExtension.swift in Sources */ = {isa = PBXBuildFile; fileRef = 4B149DD22A82C2C3003292C1 /* UIImageViewExtension.swift */; };
		4B7275B02A80C2B5000CC97B /* AppDelegate.swift in Sources */ = {isa = PBXBuildFile; fileRef = 4B7275AF2A80C2B5000CC97B /* AppDelegate.swift */; };
		4B7275B22A80C2B5000CC97B /* SceneDelegate.swift in Sources */ = {isa = PBXBuildFile; fileRef = 4B7275B12A80C2B5000CC97B /* SceneDelegate.swift */; };
		4B7275B92A80C2B6000CC97B /* Assets.xcassets in Resources */ = {isa = PBXBuildFile; fileRef = 4B7275B82A80C2B6000CC97B /* Assets.xcassets */; };
		4B7275BC2A80C2B6000CC97B /* LaunchScreen.storyboard in Resources */ = {isa = PBXBuildFile; fileRef = 4B7275BA2A80C2B6000CC97B /* LaunchScreen.storyboard */; };
		4B7275C72A80C2B6000CC97B /* MovieAppTests.swift in Sources */ = {isa = PBXBuildFile; fileRef = 4B7275C62A80C2B6000CC97B /* MovieAppTests.swift */; };
		4B7275D12A80C2B6000CC97B /* MovieAppUITests.swift in Sources */ = {isa = PBXBuildFile; fileRef = 4B7275D02A80C2B6000CC97B /* MovieAppUITests.swift */; };
		4B7275D32A80C2B6000CC97B /* MovieAppUITestsLaunchTests.swift in Sources */ = {isa = PBXBuildFile; fileRef = 4B7275D22A80C2B6000CC97B /* MovieAppUITestsLaunchTests.swift */; };
		4B7275E22A80C624000CC97B /* Movie.swift in Sources */ = {isa = PBXBuildFile; fileRef = 4B7275E12A80C624000CC97B /* Movie.swift */; };
		4B7275E52A80C88D000CC97B /* MovieService.swift in Sources */ = {isa = PBXBuildFile; fileRef = 4B7275E42A80C88D000CC97B /* MovieService.swift */; };
		4B7275EA2A80CC0B000CC97B /* MovieStore.swift in Sources */ = {isa = PBXBuildFile; fileRef = 4B7275E92A80CC0B000CC97B /* MovieStore.swift */; };
		4B7275ED2A80CE0A000CC97B /* Utils.swift in Sources */ = {isa = PBXBuildFile; fileRef = 4B7275EC2A80CE0A000CC97B /* Utils.swift */; };
		4B7275F02A80EACE000CC97B /* HomeViewModel.swift in Sources */ = {isa = PBXBuildFile; fileRef = 4B7275EF2A80EACE000CC97B /* HomeViewModel.swift */; };
		4B9A26662A83E368003B92C4 /* Video.swift in Sources */ = {isa = PBXBuildFile; fileRef = 4B9A26652A83E368003B92C4 /* Video.swift */; };
		4B9A26682A83E7C7003B92C4 /* MovieDetailViewModel.swift in Sources */ = {isa = PBXBuildFile; fileRef = 4B9A26672A83E7C7003B92C4 /* MovieDetailViewModel.swift */; };
		4B9A26702A840915003B92C4 /* MovieTableViewCell.swift in Sources */ = {isa = PBXBuildFile; fileRef = 4B9A266F2A840915003B92C4 /* MovieTableViewCell.swift */; };
		4BA3E8222A81801100D83515 /* SplashScreenView.swift in Sources */ = {isa = PBXBuildFile; fileRef = 4BA3E8212A81801100D83515 /* SplashScreenView.swift */; };
		4BA6EA042A822050001C8DA1 /* CustomCollectionViewCell.swift in Sources */ = {isa = PBXBuildFile; fileRef = 4BA6EA032A822050001C8DA1 /* CustomCollectionViewCell.swift */; };
		4BA6EA072A8221BF001C8DA1 /* HomeViewController.swift in Sources */ = {isa = PBXBuildFile; fileRef = 4BA6EA052A8221BF001C8DA1 /* HomeViewController.swift */; };
		4BA6EA082A8221BF001C8DA1 /* HomeViewController.xib in Resources */ = {isa = PBXBuildFile; fileRef = 4BA6EA062A8221BF001C8DA1 /* HomeViewController.xib */; };
		4BA6EA0C2A823BEA001C8DA1 /* RootViewModel.swift in Sources */ = {isa = PBXBuildFile; fileRef = 4BA6EA0B2A823BEA001C8DA1 /* RootViewModel.swift */; };
		4BA6EA122A823E67001C8DA1 /* MovieDetailViewController.swift in Sources */ = {isa = PBXBuildFile; fileRef = 4BA6EA102A823E67001C8DA1 /* MovieDetailViewController.swift */; };
		4BA6EA132A823E67001C8DA1 /* MovieDetailViewController.xib in Resources */ = {isa = PBXBuildFile; fileRef = 4BA6EA112A823E67001C8DA1 /* MovieDetailViewController.xib */; };
		4BA6EA162A824B0E001C8DA1 /* TabBarViewController.swift in Sources */ = {isa = PBXBuildFile; fileRef = 4BA6EA152A824B0E001C8DA1 /* TabBarViewController.swift */; };
		4BA6EA1A2A824DEE001C8DA1 /* SearchViewController.swift in Sources */ = {isa = PBXBuildFile; fileRef = 4BA6EA182A824DEE001C8DA1 /* SearchViewController.swift */; };
		4BA6EA1B2A824DEE001C8DA1 /* SearchViewController.xib in Resources */ = {isa = PBXBuildFile; fileRef = 4BA6EA192A824DEE001C8DA1 /* SearchViewController.xib */; };
		4BA6EA1D2A826989001C8DA1 /* Constants.swift in Sources */ = {isa = PBXBuildFile; fileRef = 4BA6EA1C2A826989001C8DA1 /* Constants.swift */; };
		4BFD35B22A84E809000577B3 /* SearchViewModel.swift in Sources */ = {isa = PBXBuildFile; fileRef = 4BFD35B12A84E809000577B3 /* SearchViewModel.swift */; };
		6186C013F79C992E1B3E24F1 /* Pods_MovieApp.framework in Frameworks */ = {isa = PBXBuildFile; fileRef = FEAE565605595B4BB6DD714D /* Pods_MovieApp.framework */; };
/* End PBXBuildFile section */

/* Begin PBXContainerItemProxy section */
		4B7275C32A80C2B6000CC97B /* PBXContainerItemProxy */ = {
			isa = PBXContainerItemProxy;
			containerPortal = 4B7275A42A80C2B5000CC97B /* Project object */;
			proxyType = 1;
			remoteGlobalIDString = 4B7275AB2A80C2B5000CC97B;
			remoteInfo = MovieApp;
		};
		4B7275CD2A80C2B6000CC97B /* PBXContainerItemProxy */ = {
			isa = PBXContainerItemProxy;
			containerPortal = 4B7275A42A80C2B5000CC97B /* Project object */;
			proxyType = 1;
			remoteGlobalIDString = 4B7275AB2A80C2B5000CC97B;
			remoteInfo = MovieApp;
		};
/* End PBXContainerItemProxy section */

/* Begin PBXFileReference section */
		04A313BC92284191B5522E9A /* Pods-MovieApp.release.xcconfig */ = {isa = PBXFileReference; includeInIndex = 1; lastKnownFileType = text.xcconfig; name = "Pods-MovieApp.release.xcconfig"; path = "Target Support Files/Pods-MovieApp/Pods-MovieApp.release.xcconfig"; sourceTree = "<group>"; };
		3E9328DC05970F4081115C79 /* Pods-MovieAppTests.release.xcconfig */ = {isa = PBXFileReference; includeInIndex = 1; lastKnownFileType = text.xcconfig; name = "Pods-MovieAppTests.release.xcconfig"; path = "Target Support Files/Pods-MovieAppTests/Pods-MovieAppTests.release.xcconfig"; sourceTree = "<group>"; };
		4B149DD22A82C2C3003292C1 /* UIImageViewExtension.swift */ = {isa = PBXFileReference; lastKnownFileType = sourcecode.swift; path = UIImageViewExtension.swift; sourceTree = "<group>"; };
		4B7275AC2A80C2B5000CC97B /* MovieApp.app */ = {isa = PBXFileReference; explicitFileType = wrapper.application; includeInIndex = 0; path = MovieApp.app; sourceTree = BUILT_PRODUCTS_DIR; };
		4B7275AF2A80C2B5000CC97B /* AppDelegate.swift */ = {isa = PBXFileReference; lastKnownFileType = sourcecode.swift; path = AppDelegate.swift; sourceTree = "<group>"; };
		4B7275B12A80C2B5000CC97B /* SceneDelegate.swift */ = {isa = PBXFileReference; lastKnownFileType = sourcecode.swift; path = SceneDelegate.swift; sourceTree = "<group>"; };
		4B7275B82A80C2B6000CC97B /* Assets.xcassets */ = {isa = PBXFileReference; lastKnownFileType = folder.assetcatalog; path = Assets.xcassets; sourceTree = "<group>"; };
		4B7275BB2A80C2B6000CC97B /* Base */ = {isa = PBXFileReference; lastKnownFileType = file.storyboard; name = Base; path = Base.lproj/LaunchScreen.storyboard; sourceTree = "<group>"; };
		4B7275BD2A80C2B6000CC97B /* Info.plist */ = {isa = PBXFileReference; lastKnownFileType = text.plist.xml; path = Info.plist; sourceTree = "<group>"; };
		4B7275C22A80C2B6000CC97B /* MovieAppTests.xctest */ = {isa = PBXFileReference; explicitFileType = wrapper.cfbundle; includeInIndex = 0; path = MovieAppTests.xctest; sourceTree = BUILT_PRODUCTS_DIR; };
		4B7275C62A80C2B6000CC97B /* MovieAppTests.swift */ = {isa = PBXFileReference; lastKnownFileType = sourcecode.swift; path = MovieAppTests.swift; sourceTree = "<group>"; };
		4B7275CC2A80C2B6000CC97B /* MovieAppUITests.xctest */ = {isa = PBXFileReference; explicitFileType = wrapper.cfbundle; includeInIndex = 0; path = MovieAppUITests.xctest; sourceTree = BUILT_PRODUCTS_DIR; };
		4B7275D02A80C2B6000CC97B /* MovieAppUITests.swift */ = {isa = PBXFileReference; lastKnownFileType = sourcecode.swift; path = MovieAppUITests.swift; sourceTree = "<group>"; };
		4B7275D22A80C2B6000CC97B /* MovieAppUITestsLaunchTests.swift */ = {isa = PBXFileReference; lastKnownFileType = sourcecode.swift; path = MovieAppUITestsLaunchTests.swift; sourceTree = "<group>"; };
		4B7275E12A80C624000CC97B /* Movie.swift */ = {isa = PBXFileReference; lastKnownFileType = sourcecode.swift; path = Movie.swift; sourceTree = "<group>"; };
		4B7275E42A80C88D000CC97B /* MovieService.swift */ = {isa = PBXFileReference; lastKnownFileType = sourcecode.swift; path = MovieService.swift; sourceTree = "<group>"; };
		4B7275E92A80CC0B000CC97B /* MovieStore.swift */ = {isa = PBXFileReference; lastKnownFileType = sourcecode.swift; path = MovieStore.swift; sourceTree = "<group>"; };
		4B7275EC2A80CE0A000CC97B /* Utils.swift */ = {isa = PBXFileReference; lastKnownFileType = sourcecode.swift; path = Utils.swift; sourceTree = "<group>"; };
		4B7275EF2A80EACE000CC97B /* HomeViewModel.swift */ = {isa = PBXFileReference; lastKnownFileType = sourcecode.swift; path = HomeViewModel.swift; sourceTree = "<group>"; };
		4B9A26652A83E368003B92C4 /* Video.swift */ = {isa = PBXFileReference; lastKnownFileType = sourcecode.swift; path = Video.swift; sourceTree = "<group>"; };
		4B9A26672A83E7C7003B92C4 /* MovieDetailViewModel.swift */ = {isa = PBXFileReference; lastKnownFileType = sourcecode.swift; path = MovieDetailViewModel.swift; sourceTree = "<group>"; };
		4B9A266F2A840915003B92C4 /* MovieTableViewCell.swift */ = {isa = PBXFileReference; lastKnownFileType = sourcecode.swift; path = MovieTableViewCell.swift; sourceTree = "<group>"; };
		4BA3E8212A81801100D83515 /* SplashScreenView.swift */ = {isa = PBXFileReference; lastKnownFileType = sourcecode.swift; path = SplashScreenView.swift; sourceTree = "<group>"; };
		4BA6EA032A822050001C8DA1 /* CustomCollectionViewCell.swift */ = {isa = PBXFileReference; lastKnownFileType = sourcecode.swift; path = CustomCollectionViewCell.swift; sourceTree = "<group>"; };
		4BA6EA052A8221BF001C8DA1 /* HomeViewController.swift */ = {isa = PBXFileReference; lastKnownFileType = sourcecode.swift; path = HomeViewController.swift; sourceTree = "<group>"; };
		4BA6EA062A8221BF001C8DA1 /* HomeViewController.xib */ = {isa = PBXFileReference; lastKnownFileType = file.xib; path = HomeViewController.xib; sourceTree = "<group>"; };
		4BA6EA0B2A823BEA001C8DA1 /* RootViewModel.swift */ = {isa = PBXFileReference; lastKnownFileType = sourcecode.swift; path = RootViewModel.swift; sourceTree = "<group>"; };
		4BA6EA102A823E67001C8DA1 /* MovieDetailViewController.swift */ = {isa = PBXFileReference; lastKnownFileType = sourcecode.swift; path = MovieDetailViewController.swift; sourceTree = "<group>"; };
		4BA6EA112A823E67001C8DA1 /* MovieDetailViewController.xib */ = {isa = PBXFileReference; lastKnownFileType = file.xib; path = MovieDetailViewController.xib; sourceTree = "<group>"; };
		4BA6EA152A824B0E001C8DA1 /* TabBarViewController.swift */ = {isa = PBXFileReference; lastKnownFileType = sourcecode.swift; path = TabBarViewController.swift; sourceTree = "<group>"; };
		4BA6EA182A824DEE001C8DA1 /* SearchViewController.swift */ = {isa = PBXFileReference; lastKnownFileType = sourcecode.swift; path = SearchViewController.swift; sourceTree = "<group>"; };
		4BA6EA192A824DEE001C8DA1 /* SearchViewController.xib */ = {isa = PBXFileReference; lastKnownFileType = file.xib; path = SearchViewController.xib; sourceTree = "<group>"; };
		4BA6EA1C2A826989001C8DA1 /* Constants.swift */ = {isa = PBXFileReference; lastKnownFileType = sourcecode.swift; path = Constants.swift; sourceTree = "<group>"; };
		4BFD35B12A84E809000577B3 /* SearchViewModel.swift */ = {isa = PBXFileReference; lastKnownFileType = sourcecode.swift; path = SearchViewModel.swift; sourceTree = "<group>"; };
		67607747B0E2F4581E8A14D8 /* Pods-MovieApp-MovieAppUITests.debug.xcconfig */ = {isa = PBXFileReference; includeInIndex = 1; lastKnownFileType = text.xcconfig; name = "Pods-MovieApp-MovieAppUITests.debug.xcconfig"; path = "Target Support Files/Pods-MovieApp-MovieAppUITests/Pods-MovieApp-MovieAppUITests.debug.xcconfig"; sourceTree = "<group>"; };
		99FE79C941C2A27C80E58EF1 /* Pods_MovieApp_MovieAppUITests.framework */ = {isa = PBXFileReference; explicitFileType = wrapper.framework; includeInIndex = 0; path = Pods_MovieApp_MovieAppUITests.framework; sourceTree = BUILT_PRODUCTS_DIR; };
		B5593B29D581D0CCE38A2374 /* Pods-MovieApp-MovieAppUITests.release.xcconfig */ = {isa = PBXFileReference; includeInIndex = 1; lastKnownFileType = text.xcconfig; name = "Pods-MovieApp-MovieAppUITests.release.xcconfig"; path = "Target Support Files/Pods-MovieApp-MovieAppUITests/Pods-MovieApp-MovieAppUITests.release.xcconfig"; sourceTree = "<group>"; };
		B809797F3F1B94C2A445CFB6 /* Pods-MovieApp.debug.xcconfig */ = {isa = PBXFileReference; includeInIndex = 1; lastKnownFileType = text.xcconfig; name = "Pods-MovieApp.debug.xcconfig"; path = "Target Support Files/Pods-MovieApp/Pods-MovieApp.debug.xcconfig"; sourceTree = "<group>"; };
		E1A7B902F614FEBE093AFCD1 /* Pods_MovieAppTests.framework */ = {isa = PBXFileReference; explicitFileType = wrapper.framework; includeInIndex = 0; path = Pods_MovieAppTests.framework; sourceTree = BUILT_PRODUCTS_DIR; };
		E6EF6E340C17FD0B19EDAED6 /* Pods-MovieAppTests.debug.xcconfig */ = {isa = PBXFileReference; includeInIndex = 1; lastKnownFileType = text.xcconfig; name = "Pods-MovieAppTests.debug.xcconfig"; path = "Target Support Files/Pods-MovieAppTests/Pods-MovieAppTests.debug.xcconfig"; sourceTree = "<group>"; };
		FEAE565605595B4BB6DD714D /* Pods_MovieApp.framework */ = {isa = PBXFileReference; explicitFileType = wrapper.framework; includeInIndex = 0; path = Pods_MovieApp.framework; sourceTree = BUILT_PRODUCTS_DIR; };
/* End PBXFileReference section */

/* Begin PBXFrameworksBuildPhase section */
		4B7275A92A80C2B5000CC97B /* Frameworks */ = {
			isa = PBXFrameworksBuildPhase;
			buildActionMask = 2147483647;
			files = (
				6186C013F79C992E1B3E24F1 /* Pods_MovieApp.framework in Frameworks */,
			);
			runOnlyForDeploymentPostprocessing = 0;
		};
		4B7275BF2A80C2B6000CC97B /* Frameworks */ = {
			isa = PBXFrameworksBuildPhase;
			buildActionMask = 2147483647;
			files = (
				4695CDA36C2AFF30BB2D79F1 /* Pods_MovieAppTests.framework in Frameworks */,
			);
			runOnlyForDeploymentPostprocessing = 0;
		};
		4B7275C92A80C2B6000CC97B /* Frameworks */ = {
			isa = PBXFrameworksBuildPhase;
			buildActionMask = 2147483647;
			files = (
				368C404379870CC669C7159E /* Pods_MovieApp_MovieAppUITests.framework in Frameworks */,
			);
			runOnlyForDeploymentPostprocessing = 0;
		};
/* End PBXFrameworksBuildPhase section */

/* Begin PBXGroup section */
		39122184D8215506E4611389 /* Frameworks */ = {
			isa = PBXGroup;
			children = (
				FEAE565605595B4BB6DD714D /* Pods_MovieApp.framework */,
				99FE79C941C2A27C80E58EF1 /* Pods_MovieApp_MovieAppUITests.framework */,
				E1A7B902F614FEBE093AFCD1 /* Pods_MovieAppTests.framework */,
			);
			name = Frameworks;
			sourceTree = "<group>";
		};
		49D21FB256CB326E2DC3FBA2 /* Pods */ = {
			isa = PBXGroup;
			children = (
				B809797F3F1B94C2A445CFB6 /* Pods-MovieApp.debug.xcconfig */,
				04A313BC92284191B5522E9A /* Pods-MovieApp.release.xcconfig */,
				67607747B0E2F4581E8A14D8 /* Pods-MovieApp-MovieAppUITests.debug.xcconfig */,
				B5593B29D581D0CCE38A2374 /* Pods-MovieApp-MovieAppUITests.release.xcconfig */,
				E6EF6E340C17FD0B19EDAED6 /* Pods-MovieAppTests.debug.xcconfig */,
				3E9328DC05970F4081115C79 /* Pods-MovieAppTests.release.xcconfig */,
			);
			path = Pods;
			sourceTree = "<group>";
		};
		4B149DD12A82C2A0003292C1 /* Extensions */ = {
			isa = PBXGroup;
			children = (
				4B149DD22A82C2C3003292C1 /* UIImageViewExtension.swift */,
			);
			path = Extensions;
			sourceTree = "<group>";
		};
		4B7275A32A80C2B5000CC97B = {
			isa = PBXGroup;
			children = (
				4B7275AE2A80C2B5000CC97B /* MovieApp */,
				4B7275C52A80C2B6000CC97B /* MovieAppTests */,
				4B7275CF2A80C2B6000CC97B /* MovieAppUITests */,
				4B7275AD2A80C2B5000CC97B /* Products */,
				49D21FB256CB326E2DC3FBA2 /* Pods */,
				39122184D8215506E4611389 /* Frameworks */,
			);
			sourceTree = "<group>";
		};
		4B7275AD2A80C2B5000CC97B /* Products */ = {
			isa = PBXGroup;
			children = (
				4B7275AC2A80C2B5000CC97B /* MovieApp.app */,
				4B7275C22A80C2B6000CC97B /* MovieAppTests.xctest */,
				4B7275CC2A80C2B6000CC97B /* MovieAppUITests.xctest */,
			);
			name = Products;
			sourceTree = "<group>";
		};
		4B7275AE2A80C2B5000CC97B /* MovieApp */ = {
			isa = PBXGroup;
			children = (
				4B7275BD2A80C2B6000CC97B /* Info.plist */,
				4BA3E8202A81736400D83515 /* App */,
				4B7275EE2A80EABB000CC97B /* Presentation */,
				4B7275E62A80CBCE000CC97B /* Data */,
				4B7275DF2A80C5F8000CC97B /* Domain */,
				4B7275B82A80C2B6000CC97B /* Assets.xcassets */,
				4B7275BA2A80C2B6000CC97B /* LaunchScreen.storyboard */,
			);
			path = MovieApp;
			sourceTree = "<group>";
		};
		4B7275C52A80C2B6000CC97B /* MovieAppTests */ = {
			isa = PBXGroup;
			children = (
				4B7275C62A80C2B6000CC97B /* MovieAppTests.swift */,
			);
			path = MovieAppTests;
			sourceTree = "<group>";
		};
		4B7275CF2A80C2B6000CC97B /* MovieAppUITests */ = {
			isa = PBXGroup;
			children = (
				4B7275D02A80C2B6000CC97B /* MovieAppUITests.swift */,
				4B7275D22A80C2B6000CC97B /* MovieAppUITestsLaunchTests.swift */,
			);
			path = MovieAppUITests;
			sourceTree = "<group>";
		};
		4B7275DF2A80C5F8000CC97B /* Domain */ = {
			isa = PBXGroup;
			children = (
				4B7275E32A80C868000CC97B /* Protocols */,
				4B7275E02A80C610000CC97B /* Models */,
			);
			path = Domain;
			sourceTree = "<group>";
		};
		4B7275E02A80C610000CC97B /* Models */ = {
			isa = PBXGroup;
			children = (
				4B7275E12A80C624000CC97B /* Movie.swift */,
				4B9A26652A83E368003B92C4 /* Video.swift */,
			);
			path = Models;
			sourceTree = "<group>";
		};
		4B7275E32A80C868000CC97B /* Protocols */ = {
			isa = PBXGroup;
			children = (
				4B7275E42A80C88D000CC97B /* MovieService.swift */,
			);
			path = Protocols;
			sourceTree = "<group>";
		};
		4B7275E62A80CBCE000CC97B /* Data */ = {
			isa = PBXGroup;
			children = (
				4B149DD12A82C2A0003292C1 /* Extensions */,
				4B7275EB2A80CDAB000CC97B /* Utils */,
				4B7275E72A80CBE3000CC97B /* Remote */,
			);
			path = Data;
			sourceTree = "<group>";
		};
		4B7275E72A80CBE3000CC97B /* Remote */ = {
			isa = PBXGroup;
			children = (
				4B7275E82A80CBFA000CC97B /* DataSource */,
			);
			path = Remote;
			sourceTree = "<group>";
		};
		4B7275E82A80CBFA000CC97B /* DataSource */ = {
			isa = PBXGroup;
			children = (
				4B7275E92A80CC0B000CC97B /* MovieStore.swift */,
			);
			path = DataSource;
			sourceTree = "<group>";
		};
		4B7275EB2A80CDAB000CC97B /* Utils */ = {
			isa = PBXGroup;
			children = (
				4B7275EC2A80CE0A000CC97B /* Utils.swift */,
			);
			path = Utils;
			sourceTree = "<group>";
		};
		4B7275EE2A80EABB000CC97B /* Presentation */ = {
			isa = PBXGroup;
			children = (
				4BA6EA172A824DDD001C8DA1 /* Search */,
				4BA6EA142A824AE9001C8DA1 /* TabBar */,
				4BA6EA0D2A823E33001C8DA1 /* MovieDetail */,
				4BA6EA0A2A8224AF001C8DA1 /* Splash */,
				4BA6EA092A8223C1001C8DA1 /* Home */,
			);
			path = Presentation;
			sourceTree = "<group>";
		};
		4BA3E8202A81736400D83515 /* App */ = {
			isa = PBXGroup;
			children = (
				4BA6EA1E2A82698D001C8DA1 /* Utils */,
				4B7275AF2A80C2B5000CC97B /* AppDelegate.swift */,
				4B7275B12A80C2B5000CC97B /* SceneDelegate.swift */,
				4BA6EA0B2A823BEA001C8DA1 /* RootViewModel.swift */,
			);
			path = App;
			sourceTree = "<group>";
		};
		4BA6EA092A8223C1001C8DA1 /* Home */ = {
			isa = PBXGroup;
			children = (
				4B7275EF2A80EACE000CC97B /* HomeViewModel.swift */,
				4BA6EA062A8221BF001C8DA1 /* HomeViewController.xib */,
				4BA6EA052A8221BF001C8DA1 /* HomeViewController.swift */,
				4BA6EA032A822050001C8DA1 /* CustomCollectionViewCell.swift */,
			);
			path = Home;
			sourceTree = "<group>";
		};
		4BA6EA0A2A8224AF001C8DA1 /* Splash */ = {
			isa = PBXGroup;
			children = (
				4BA3E8212A81801100D83515 /* SplashScreenView.swift */,
			);
			path = Splash;
			sourceTree = "<group>";
		};
		4BA6EA0D2A823E33001C8DA1 /* MovieDetail */ = {
			isa = PBXGroup;
			children = (
				4BA6EA102A823E67001C8DA1 /* MovieDetailViewController.swift */,
				4BA6EA112A823E67001C8DA1 /* MovieDetailViewController.xib */,
				4B9A26672A83E7C7003B92C4 /* MovieDetailViewModel.swift */,
			);
			path = MovieDetail;
			sourceTree = "<group>";
		};
		4BA6EA142A824AE9001C8DA1 /* TabBar */ = {
			isa = PBXGroup;
			children = (
				4BA6EA152A824B0E001C8DA1 /* TabBarViewController.swift */,
			);
			path = TabBar;
			sourceTree = "<group>";
		};
		4BA6EA172A824DDD001C8DA1 /* Search */ = {
			isa = PBXGroup;
			children = (
				4BA6EA182A824DEE001C8DA1 /* SearchViewController.swift */,
				4BA6EA192A824DEE001C8DA1 /* SearchViewController.xib */,
				4B9A266F2A840915003B92C4 /* MovieTableViewCell.swift */,
				4BFD35B12A84E809000577B3 /* SearchViewModel.swift */,
			);
			path = Search;
			sourceTree = "<group>";
		};
		4BA6EA1E2A82698D001C8DA1 /* Utils */ = {
			isa = PBXGroup;
			children = (
				4BA6EA1C2A826989001C8DA1 /* Constants.swift */,
			);
			path = Utils;
			sourceTree = "<group>";
		};
/* End PBXGroup section */

/* Begin PBXNativeTarget section */
		4B7275AB2A80C2B5000CC97B /* MovieApp */ = {
			isa = PBXNativeTarget;
			buildConfigurationList = 4B7275D62A80C2B6000CC97B /* Build configuration list for PBXNativeTarget "MovieApp" */;
			buildPhases = (
				172CF2B13F214E7844703902 /* [CP] Check Pods Manifest.lock */,
				4B7275A82A80C2B5000CC97B /* Sources */,
				4B7275A92A80C2B5000CC97B /* Frameworks */,
				4B7275AA2A80C2B5000CC97B /* Resources */,
				AF0FAC43026D5F39FFFDA6A6 /* [CP] Embed Pods Frameworks */,
			);
			buildRules = (
			);
			dependencies = (
			);
			name = MovieApp;
			productName = MovieApp;
			productReference = 4B7275AC2A80C2B5000CC97B /* MovieApp.app */;
			productType = "com.apple.product-type.application";
		};
		4B7275C12A80C2B6000CC97B /* MovieAppTests */ = {
			isa = PBXNativeTarget;
			buildConfigurationList = 4B7275D92A80C2B6000CC97B /* Build configuration list for PBXNativeTarget "MovieAppTests" */;
			buildPhases = (
				B3BFA3F4768B543E284ED1BD /* [CP] Check Pods Manifest.lock */,
				4B7275BE2A80C2B6000CC97B /* Sources */,
				4B7275BF2A80C2B6000CC97B /* Frameworks */,
				4B7275C02A80C2B6000CC97B /* Resources */,
			);
			buildRules = (
			);
			dependencies = (
				4B7275C42A80C2B6000CC97B /* PBXTargetDependency */,
			);
			name = MovieAppTests;
			productName = MovieAppTests;
			productReference = 4B7275C22A80C2B6000CC97B /* MovieAppTests.xctest */;
			productType = "com.apple.product-type.bundle.unit-test";
		};
		4B7275CB2A80C2B6000CC97B /* MovieAppUITests */ = {
			isa = PBXNativeTarget;
			buildConfigurationList = 4B7275DC2A80C2B6000CC97B /* Build configuration list for PBXNativeTarget "MovieAppUITests" */;
			buildPhases = (
				D08E4E3A55D08DF770292B7B /* [CP] Check Pods Manifest.lock */,
				4B7275C82A80C2B6000CC97B /* Sources */,
				4B7275C92A80C2B6000CC97B /* Frameworks */,
				4B7275CA2A80C2B6000CC97B /* Resources */,
				4002DF1606412DE29DB9FAFF /* [CP] Embed Pods Frameworks */,
			);
			buildRules = (
			);
			dependencies = (
				4B7275CE2A80C2B6000CC97B /* PBXTargetDependency */,
			);
			name = MovieAppUITests;
			productName = MovieAppUITests;
			productReference = 4B7275CC2A80C2B6000CC97B /* MovieAppUITests.xctest */;
			productType = "com.apple.product-type.bundle.ui-testing";
		};
/* End PBXNativeTarget section */

/* Begin PBXProject section */
		4B7275A42A80C2B5000CC97B /* Project object */ = {
			isa = PBXProject;
			attributes = {
				BuildIndependentTargetsInParallel = 1;
				LastSwiftUpdateCheck = 1430;
				LastUpgradeCheck = 1430;
				TargetAttributes = {
					4B7275AB2A80C2B5000CC97B = {
						CreatedOnToolsVersion = 14.3.1;
					};
					4B7275C12A80C2B6000CC97B = {
						CreatedOnToolsVersion = 14.3.1;
						TestTargetID = 4B7275AB2A80C2B5000CC97B;
					};
					4B7275CB2A80C2B6000CC97B = {
						CreatedOnToolsVersion = 14.3.1;
						TestTargetID = 4B7275AB2A80C2B5000CC97B;
					};
				};
			};
			buildConfigurationList = 4B7275A72A80C2B5000CC97B /* Build configuration list for PBXProject "MovieApp" */;
			compatibilityVersion = "Xcode 14.0";
			developmentRegion = en;
			hasScannedForEncodings = 0;
			knownRegions = (
				en,
				Base,
			);
			mainGroup = 4B7275A32A80C2B5000CC97B;
			productRefGroup = 4B7275AD2A80C2B5000CC97B /* Products */;
			projectDirPath = "";
			projectRoot = "";
			targets = (
				4B7275AB2A80C2B5000CC97B /* MovieApp */,
				4B7275C12A80C2B6000CC97B /* MovieAppTests */,
				4B7275CB2A80C2B6000CC97B /* MovieAppUITests */,
			);
		};
/* End PBXProject section */

/* Begin PBXResourcesBuildPhase section */
		4B7275AA2A80C2B5000CC97B /* Resources */ = {
			isa = PBXResourcesBuildPhase;
			buildActionMask = 2147483647;
			files = (
				4BA6EA132A823E67001C8DA1 /* MovieDetailViewController.xib in Resources */,
				4B7275BC2A80C2B6000CC97B /* LaunchScreen.storyboard in Resources */,
				4B7275B92A80C2B6000CC97B /* Assets.xcassets in Resources */,
				4BA6EA1B2A824DEE001C8DA1 /* SearchViewController.xib in Resources */,
				4BA6EA082A8221BF001C8DA1 /* HomeViewController.xib in Resources */,
			);
			runOnlyForDeploymentPostprocessing = 0;
		};
		4B7275C02A80C2B6000CC97B /* Resources */ = {
			isa = PBXResourcesBuildPhase;
			buildActionMask = 2147483647;
			files = (
			);
			runOnlyForDeploymentPostprocessing = 0;
		};
		4B7275CA2A80C2B6000CC97B /* Resources */ = {
			isa = PBXResourcesBuildPhase;
			buildActionMask = 2147483647;
			files = (
			);
			runOnlyForDeploymentPostprocessing = 0;
		};
/* End PBXResourcesBuildPhase section */

/* Begin PBXShellScriptBuildPhase section */
		172CF2B13F214E7844703902 /* [CP] Check Pods Manifest.lock */ = {
			isa = PBXShellScriptBuildPhase;
			buildActionMask = 2147483647;
			files = (
			);
			inputFileListPaths = (
			);
			inputPaths = (
				"${PODS_PODFILE_DIR_PATH}/Podfile.lock",
				"${PODS_ROOT}/Manifest.lock",
			);
			name = "[CP] Check Pods Manifest.lock";
			outputFileListPaths = (
			);
			outputPaths = (
				"$(DERIVED_FILE_DIR)/Pods-MovieApp-checkManifestLockResult.txt",
			);
			runOnlyForDeploymentPostprocessing = 0;
			shellPath = /bin/sh;
			shellScript = "diff \"${PODS_PODFILE_DIR_PATH}/Podfile.lock\" \"${PODS_ROOT}/Manifest.lock\" > /dev/null\nif [ $? != 0 ] ; then\n    # print error to STDERR\n    echo \"error: The sandbox is not in sync with the Podfile.lock. Run 'pod install' or update your CocoaPods installation.\" >&2\n    exit 1\nfi\n# This output is used by Xcode 'outputs' to avoid re-running this script phase.\necho \"SUCCESS\" > \"${SCRIPT_OUTPUT_FILE_0}\"\n";
			showEnvVarsInLog = 0;
		};
		4002DF1606412DE29DB9FAFF /* [CP] Embed Pods Frameworks */ = {
			isa = PBXShellScriptBuildPhase;
			buildActionMask = 2147483647;
			files = (
			);
			inputFileListPaths = (
				"${PODS_ROOT}/Target Support Files/Pods-MovieApp-MovieAppUITests/Pods-MovieApp-MovieAppUITests-frameworks-${CONFIGURATION}-input-files.xcfilelist",
			);
			name = "[CP] Embed Pods Frameworks";
			outputFileListPaths = (
				"${PODS_ROOT}/Target Support Files/Pods-MovieApp-MovieAppUITests/Pods-MovieApp-MovieAppUITests-frameworks-${CONFIGURATION}-output-files.xcfilelist",
			);
			runOnlyForDeploymentPostprocessing = 0;
			shellPath = /bin/sh;
			shellScript = "\"${PODS_ROOT}/Target Support Files/Pods-MovieApp-MovieAppUITests/Pods-MovieApp-MovieAppUITests-frameworks.sh\"\n";
			showEnvVarsInLog = 0;
		};
		AF0FAC43026D5F39FFFDA6A6 /* [CP] Embed Pods Frameworks */ = {
			isa = PBXShellScriptBuildPhase;
			buildActionMask = 2147483647;
			files = (
			);
			inputFileListPaths = (
				"${PODS_ROOT}/Target Support Files/Pods-MovieApp/Pods-MovieApp-frameworks-${CONFIGURATION}-input-files.xcfilelist",
			);
			name = "[CP] Embed Pods Frameworks";
			outputFileListPaths = (
				"${PODS_ROOT}/Target Support Files/Pods-MovieApp/Pods-MovieApp-frameworks-${CONFIGURATION}-output-files.xcfilelist",
			);
			runOnlyForDeploymentPostprocessing = 0;
			shellPath = /bin/sh;
			shellScript = "\"${PODS_ROOT}/Target Support Files/Pods-MovieApp/Pods-MovieApp-frameworks.sh\"\n";
			showEnvVarsInLog = 0;
		};
		B3BFA3F4768B543E284ED1BD /* [CP] Check Pods Manifest.lock */ = {
			isa = PBXShellScriptBuildPhase;
			buildActionMask = 2147483647;
			files = (
			);
			inputFileListPaths = (
			);
			inputPaths = (
				"${PODS_PODFILE_DIR_PATH}/Podfile.lock",
				"${PODS_ROOT}/Manifest.lock",
			);
			name = "[CP] Check Pods Manifest.lock";
			outputFileListPaths = (
			);
			outputPaths = (
				"$(DERIVED_FILE_DIR)/Pods-MovieAppTests-checkManifestLockResult.txt",
			);
			runOnlyForDeploymentPostprocessing = 0;
			shellPath = /bin/sh;
			shellScript = "diff \"${PODS_PODFILE_DIR_PATH}/Podfile.lock\" \"${PODS_ROOT}/Manifest.lock\" > /dev/null\nif [ $? != 0 ] ; then\n    # print error to STDERR\n    echo \"error: The sandbox is not in sync with the Podfile.lock. Run 'pod install' or update your CocoaPods installation.\" >&2\n    exit 1\nfi\n# This output is used by Xcode 'outputs' to avoid re-running this script phase.\necho \"SUCCESS\" > \"${SCRIPT_OUTPUT_FILE_0}\"\n";
			showEnvVarsInLog = 0;
		};
		D08E4E3A55D08DF770292B7B /* [CP] Check Pods Manifest.lock */ = {
			isa = PBXShellScriptBuildPhase;
			buildActionMask = 2147483647;
			files = (
			);
			inputFileListPaths = (
			);
			inputPaths = (
				"${PODS_PODFILE_DIR_PATH}/Podfile.lock",
				"${PODS_ROOT}/Manifest.lock",
			);
			name = "[CP] Check Pods Manifest.lock";
			outputFileListPaths = (
			);
			outputPaths = (
				"$(DERIVED_FILE_DIR)/Pods-MovieApp-MovieAppUITests-checkManifestLockResult.txt",
			);
			runOnlyForDeploymentPostprocessing = 0;
			shellPath = /bin/sh;
			shellScript = "diff \"${PODS_PODFILE_DIR_PATH}/Podfile.lock\" \"${PODS_ROOT}/Manifest.lock\" > /dev/null\nif [ $? != 0 ] ; then\n    # print error to STDERR\n    echo \"error: The sandbox is not in sync with the Podfile.lock. Run 'pod install' or update your CocoaPods installation.\" >&2\n    exit 1\nfi\n# This output is used by Xcode 'outputs' to avoid re-running this script phase.\necho \"SUCCESS\" > \"${SCRIPT_OUTPUT_FILE_0}\"\n";
			showEnvVarsInLog = 0;
		};
/* End PBXShellScriptBuildPhase section */

/* Begin PBXSourcesBuildPhase section */
		4B7275A82A80C2B5000CC97B /* Sources */ = {
			isa = PBXSourcesBuildPhase;
			buildActionMask = 2147483647;
			files = (
				4BA6EA042A822050001C8DA1 /* CustomCollectionViewCell.swift in Sources */,
				4B7275B02A80C2B5000CC97B /* AppDelegate.swift in Sources */,
				4BA3E8222A81801100D83515 /* SplashScreenView.swift in Sources */,
				4B7275E22A80C624000CC97B /* Movie.swift in Sources */,
				4BA6EA122A823E67001C8DA1 /* MovieDetailViewController.swift in Sources */,
				4BA6EA1D2A826989001C8DA1 /* Constants.swift in Sources */,
				4BFD35B22A84E809000577B3 /* SearchViewModel.swift in Sources */,
				4B7275F02A80EACE000CC97B /* HomeViewModel.swift in Sources */,
				4B7275ED2A80CE0A000CC97B /* Utils.swift in Sources */,
				4B9A26682A83E7C7003B92C4 /* MovieDetailViewModel.swift in Sources */,
				4BA6EA072A8221BF001C8DA1 /* HomeViewController.swift in Sources */,
				4BA6EA1A2A824DEE001C8DA1 /* SearchViewController.swift in Sources */,
				4B7275B22A80C2B5000CC97B /* SceneDelegate.swift in Sources */,
				4B9A26662A83E368003B92C4 /* Video.swift in Sources */,
				4BA6EA0C2A823BEA001C8DA1 /* RootViewModel.swift in Sources */,
				4B9A26702A840915003B92C4 /* MovieTableViewCell.swift in Sources */,
				4BA6EA162A824B0E001C8DA1 /* TabBarViewController.swift in Sources */,
				4B7275EA2A80CC0B000CC97B /* MovieStore.swift in Sources */,
				4B149DD32A82C2C3003292C1 /* UIImageViewExtension.swift in Sources */,
				4B7275E52A80C88D000CC97B /* MovieService.swift in Sources */,
			);
			runOnlyForDeploymentPostprocessing = 0;
		};
		4B7275BE2A80C2B6000CC97B /* Sources */ = {
			isa = PBXSourcesBuildPhase;
			buildActionMask = 2147483647;
			files = (
				4B7275C72A80C2B6000CC97B /* MovieAppTests.swift in Sources */,
			);
			runOnlyForDeploymentPostprocessing = 0;
		};
		4B7275C82A80C2B6000CC97B /* Sources */ = {
			isa = PBXSourcesBuildPhase;
			buildActionMask = 2147483647;
			files = (
				4B7275D32A80C2B6000CC97B /* MovieAppUITestsLaunchTests.swift in Sources */,
				4B7275D12A80C2B6000CC97B /* MovieAppUITests.swift in Sources */,
			);
			runOnlyForDeploymentPostprocessing = 0;
		};
/* End PBXSourcesBuildPhase section */

/* Begin PBXTargetDependency section */
		4B7275C42A80C2B6000CC97B /* PBXTargetDependency */ = {
			isa = PBXTargetDependency;
			target = 4B7275AB2A80C2B5000CC97B /* MovieApp */;
			targetProxy = 4B7275C32A80C2B6000CC97B /* PBXContainerItemProxy */;
		};
		4B7275CE2A80C2B6000CC97B /* PBXTargetDependency */ = {
			isa = PBXTargetDependency;
			target = 4B7275AB2A80C2B5000CC97B /* MovieApp */;
			targetProxy = 4B7275CD2A80C2B6000CC97B /* PBXContainerItemProxy */;
		};
/* End PBXTargetDependency section */

/* Begin PBXVariantGroup section */
		4B7275BA2A80C2B6000CC97B /* LaunchScreen.storyboard */ = {
			isa = PBXVariantGroup;
			children = (
				4B7275BB2A80C2B6000CC97B /* Base */,
			);
			name = LaunchScreen.storyboard;
			sourceTree = "<group>";
		};
/* End PBXVariantGroup section */

/* Begin XCBuildConfiguration section */
		4B7275D42A80C2B6000CC97B /* Debug */ = {
			isa = XCBuildConfiguration;
			buildSettings = {
				ALWAYS_SEARCH_USER_PATHS = NO;
				CLANG_ANALYZER_NONNULL = YES;
				CLANG_ANALYZER_NUMBER_OBJECT_CONVERSION = YES_AGGRESSIVE;
				CLANG_CXX_LANGUAGE_STANDARD = "gnu++20";
				CLANG_ENABLE_MODULES = YES;
				CLANG_ENABLE_OBJC_ARC = YES;
				CLANG_ENABLE_OBJC_WEAK = YES;
				CLANG_WARN_BLOCK_CAPTURE_AUTORELEASING = YES;
				CLANG_WARN_BOOL_CONVERSION = YES;
				CLANG_WARN_COMMA = YES;
				CLANG_WARN_CONSTANT_CONVERSION = YES;
				CLANG_WARN_DEPRECATED_OBJC_IMPLEMENTATIONS = YES;
				CLANG_WARN_DIRECT_OBJC_ISA_USAGE = YES_ERROR;
				CLANG_WARN_DOCUMENTATION_COMMENTS = YES;
				CLANG_WARN_EMPTY_BODY = YES;
				CLANG_WARN_ENUM_CONVERSION = YES;
				CLANG_WARN_INFINITE_RECURSION = YES;
				CLANG_WARN_INT_CONVERSION = YES;
				CLANG_WARN_NON_LITERAL_NULL_CONVERSION = YES;
				CLANG_WARN_OBJC_IMPLICIT_RETAIN_SELF = YES;
				CLANG_WARN_OBJC_LITERAL_CONVERSION = YES;
				CLANG_WARN_OBJC_ROOT_CLASS = YES_ERROR;
				CLANG_WARN_QUOTED_INCLUDE_IN_FRAMEWORK_HEADER = YES;
				CLANG_WARN_RANGE_LOOP_ANALYSIS = YES;
				CLANG_WARN_STRICT_PROTOTYPES = YES;
				CLANG_WARN_SUSPICIOUS_MOVE = YES;
				CLANG_WARN_UNGUARDED_AVAILABILITY = YES_AGGRESSIVE;
				CLANG_WARN_UNREACHABLE_CODE = YES;
				CLANG_WARN__DUPLICATE_METHOD_MATCH = YES;
				COPY_PHASE_STRIP = NO;
				DEBUG_INFORMATION_FORMAT = dwarf;
				ENABLE_STRICT_OBJC_MSGSEND = YES;
				ENABLE_TESTABILITY = YES;
				GCC_C_LANGUAGE_STANDARD = gnu11;
				GCC_DYNAMIC_NO_PIC = NO;
				GCC_NO_COMMON_BLOCKS = YES;
				GCC_OPTIMIZATION_LEVEL = 0;
				GCC_PREPROCESSOR_DEFINITIONS = (
					"DEBUG=1",
					"$(inherited)",
				);
				GCC_WARN_64_TO_32_BIT_CONVERSION = YES;
				GCC_WARN_ABOUT_RETURN_TYPE = YES_ERROR;
				GCC_WARN_UNDECLARED_SELECTOR = YES;
				GCC_WARN_UNINITIALIZED_AUTOS = YES_AGGRESSIVE;
				GCC_WARN_UNUSED_FUNCTION = YES;
				GCC_WARN_UNUSED_VARIABLE = YES;
				IPHONEOS_DEPLOYMENT_TARGET = 16.4;
				MTL_ENABLE_DEBUG_INFO = INCLUDE_SOURCE;
				MTL_FAST_MATH = YES;
				ONLY_ACTIVE_ARCH = YES;
				SDKROOT = iphoneos;
				SWIFT_ACTIVE_COMPILATION_CONDITIONS = DEBUG;
				SWIFT_OPTIMIZATION_LEVEL = "-Onone";
			};
			name = Debug;
		};
		4B7275D52A80C2B6000CC97B /* Release */ = {
			isa = XCBuildConfiguration;
			buildSettings = {
				ALWAYS_SEARCH_USER_PATHS = NO;
				CLANG_ANALYZER_NONNULL = YES;
				CLANG_ANALYZER_NUMBER_OBJECT_CONVERSION = YES_AGGRESSIVE;
				CLANG_CXX_LANGUAGE_STANDARD = "gnu++20";
				CLANG_ENABLE_MODULES = YES;
				CLANG_ENABLE_OBJC_ARC = YES;
				CLANG_ENABLE_OBJC_WEAK = YES;
				CLANG_WARN_BLOCK_CAPTURE_AUTORELEASING = YES;
				CLANG_WARN_BOOL_CONVERSION = YES;
				CLANG_WARN_COMMA = YES;
				CLANG_WARN_CONSTANT_CONVERSION = YES;
				CLANG_WARN_DEPRECATED_OBJC_IMPLEMENTATIONS = YES;
				CLANG_WARN_DIRECT_OBJC_ISA_USAGE = YES_ERROR;
				CLANG_WARN_DOCUMENTATION_COMMENTS = YES;
				CLANG_WARN_EMPTY_BODY = YES;
				CLANG_WARN_ENUM_CONVERSION = YES;
				CLANG_WARN_INFINITE_RECURSION = YES;
				CLANG_WARN_INT_CONVERSION = YES;
				CLANG_WARN_NON_LITERAL_NULL_CONVERSION = YES;
				CLANG_WARN_OBJC_IMPLICIT_RETAIN_SELF = YES;
				CLANG_WARN_OBJC_LITERAL_CONVERSION = YES;
				CLANG_WARN_OBJC_ROOT_CLASS = YES_ERROR;
				CLANG_WARN_QUOTED_INCLUDE_IN_FRAMEWORK_HEADER = YES;
				CLANG_WARN_RANGE_LOOP_ANALYSIS = YES;
				CLANG_WARN_STRICT_PROTOTYPES = YES;
				CLANG_WARN_SUSPICIOUS_MOVE = YES;
				CLANG_WARN_UNGUARDED_AVAILABILITY = YES_AGGRESSIVE;
				CLANG_WARN_UNREACHABLE_CODE = YES;
				CLANG_WARN__DUPLICATE_METHOD_MATCH = YES;
				COPY_PHASE_STRIP = NO;
				DEBUG_INFORMATION_FORMAT = "dwarf-with-dsym";
				ENABLE_NS_ASSERTIONS = NO;
				ENABLE_STRICT_OBJC_MSGSEND = YES;
				GCC_C_LANGUAGE_STANDARD = gnu11;
				GCC_NO_COMMON_BLOCKS = YES;
				GCC_WARN_64_TO_32_BIT_CONVERSION = YES;
				GCC_WARN_ABOUT_RETURN_TYPE = YES_ERROR;
				GCC_WARN_UNDECLARED_SELECTOR = YES;
				GCC_WARN_UNINITIALIZED_AUTOS = YES_AGGRESSIVE;
				GCC_WARN_UNUSED_FUNCTION = YES;
				GCC_WARN_UNUSED_VARIABLE = YES;
				IPHONEOS_DEPLOYMENT_TARGET = 16.4;
				MTL_ENABLE_DEBUG_INFO = NO;
				MTL_FAST_MATH = YES;
				SDKROOT = iphoneos;
				SWIFT_COMPILATION_MODE = wholemodule;
				SWIFT_OPTIMIZATION_LEVEL = "-O";
				VALIDATE_PRODUCT = YES;
			};
			name = Release;
		};
		4B7275D72A80C2B6000CC97B /* Debug */ = {
			isa = XCBuildConfiguration;
			baseConfigurationReference = B809797F3F1B94C2A445CFB6 /* Pods-MovieApp.debug.xcconfig */;
			buildSettings = {
				ASSETCATALOG_COMPILER_APPICON_NAME = AppIcon;
				ASSETCATALOG_COMPILER_GLOBAL_ACCENT_COLOR_NAME = AccentColor;
				CODE_SIGN_STYLE = Automatic;
				CURRENT_PROJECT_VERSION = 1;
				DEVELOPMENT_TEAM = LH2R9ZM77F;
				GENERATE_INFOPLIST_FILE = YES;
				INFOPLIST_FILE = MovieApp/Info.plist;
				INFOPLIST_KEY_UIApplicationSupportsIndirectInputEvents = YES;
				INFOPLIST_KEY_UILaunchStoryboardName = LaunchScreen.storyboard;
				INFOPLIST_KEY_UISupportedInterfaceOrientations_iPad = "UIInterfaceOrientationPortrait UIInterfaceOrientationPortraitUpsideDown UIInterfaceOrientationLandscapeLeft UIInterfaceOrientationLandscapeRight";
				INFOPLIST_KEY_UISupportedInterfaceOrientations_iPhone = "UIInterfaceOrientationPortrait UIInterfaceOrientationLandscapeLeft UIInterfaceOrientationLandscapeRight";
				LD_RUNPATH_SEARCH_PATHS = (
					"$(inherited)",
					"@executable_path/Frameworks",
				);
				MARKETING_VERSION = 1.0;
				PRODUCT_BUNDLE_IDENTIFIER = com.gruposantander.MovieApp;
				PRODUCT_NAME = "$(TARGET_NAME)";
				SWIFT_EMIT_LOC_STRINGS = YES;
				SWIFT_VERSION = 5.0;
				TARGETED_DEVICE_FAMILY = "1,2";
			};
			name = Debug;
		};
		4B7275D82A80C2B6000CC97B /* Release */ = {
			isa = XCBuildConfiguration;
			baseConfigurationReference = 04A313BC92284191B5522E9A /* Pods-MovieApp.release.xcconfig */;
			buildSettings = {
				ASSETCATALOG_COMPILER_APPICON_NAME = AppIcon;
				ASSETCATALOG_COMPILER_GLOBAL_ACCENT_COLOR_NAME = AccentColor;
				CODE_SIGN_STYLE = Automatic;
				CURRENT_PROJECT_VERSION = 1;
				DEVELOPMENT_TEAM = LH2R9ZM77F;
				GENERATE_INFOPLIST_FILE = YES;
				INFOPLIST_FILE = MovieApp/Info.plist;
				INFOPLIST_KEY_UIApplicationSupportsIndirectInputEvents = YES;
				INFOPLIST_KEY_UILaunchStoryboardName = LaunchScreen.storyboard;
				INFOPLIST_KEY_UISupportedInterfaceOrientations_iPad = "UIInterfaceOrientationPortrait UIInterfaceOrientationPortraitUpsideDown UIInterfaceOrientationLandscapeLeft UIInterfaceOrientationLandscapeRight";
				INFOPLIST_KEY_UISupportedInterfaceOrientations_iPhone = "UIInterfaceOrientationPortrait UIInterfaceOrientationLandscapeLeft UIInterfaceOrientationLandscapeRight";
				LD_RUNPATH_SEARCH_PATHS = (
					"$(inherited)",
					"@executable_path/Frameworks",
				);
				MARKETING_VERSION = 1.0;
				PRODUCT_BUNDLE_IDENTIFIER = com.gruposantander.MovieApp;
				PRODUCT_NAME = "$(TARGET_NAME)";
				SWIFT_EMIT_LOC_STRINGS = YES;
				SWIFT_VERSION = 5.0;
				TARGETED_DEVICE_FAMILY = "1,2";
			};
			name = Release;
		};
		4B7275DA2A80C2B6000CC97B /* Debug */ = {
			isa = XCBuildConfiguration;
			baseConfigurationReference = E6EF6E340C17FD0B19EDAED6 /* Pods-MovieAppTests.debug.xcconfig */;
			buildSettings = {
				ALWAYS_EMBED_SWIFT_STANDARD_LIBRARIES = YES;
				BUNDLE_LOADER = "$(TEST_HOST)";
				CODE_SIGN_STYLE = Automatic;
				CURRENT_PROJECT_VERSION = 1;
				DEVELOPMENT_TEAM = LH2R9ZM77F;
				GENERATE_INFOPLIST_FILE = YES;
				IPHONEOS_DEPLOYMENT_TARGET = 16.4;
				MARKETING_VERSION = 1.0;
				PRODUCT_BUNDLE_IDENTIFIER = com.gruposantander.MovieAppTests;
				PRODUCT_NAME = "$(TARGET_NAME)";
				SWIFT_EMIT_LOC_STRINGS = NO;
				SWIFT_VERSION = 5.0;
				TARGETED_DEVICE_FAMILY = "1,2";
				TEST_HOST = "$(BUILT_PRODUCTS_DIR)/MovieApp.app/$(BUNDLE_EXECUTABLE_FOLDER_PATH)/MovieApp";
			};
			name = Debug;
		};
		4B7275DB2A80C2B6000CC97B /* Release */ = {
			isa = XCBuildConfiguration;
			baseConfigurationReference = 3E9328DC05970F4081115C79 /* Pods-MovieAppTests.release.xcconfig */;
			buildSettings = {
				ALWAYS_EMBED_SWIFT_STANDARD_LIBRARIES = YES;
				BUNDLE_LOADER = "$(TEST_HOST)";
				CODE_SIGN_STYLE = Automatic;
				CURRENT_PROJECT_VERSION = 1;
				DEVELOPMENT_TEAM = LH2R9ZM77F;
				GENERATE_INFOPLIST_FILE = YES;
				IPHONEOS_DEPLOYMENT_TARGET = 16.4;
				MARKETING_VERSION = 1.0;
				PRODUCT_BUNDLE_IDENTIFIER = com.gruposantander.MovieAppTests;
				PRODUCT_NAME = "$(TARGET_NAME)";
				SWIFT_EMIT_LOC_STRINGS = NO;
				SWIFT_VERSION = 5.0;
				TARGETED_DEVICE_FAMILY = "1,2";
				TEST_HOST = "$(BUILT_PRODUCTS_DIR)/MovieApp.app/$(BUNDLE_EXECUTABLE_FOLDER_PATH)/MovieApp";
			};
			name = Release;
		};
		4B7275DD2A80C2B6000CC97B /* Debug */ = {
			isa = XCBuildConfiguration;
			baseConfigurationReference = 67607747B0E2F4581E8A14D8 /* Pods-MovieApp-MovieAppUITests.debug.xcconfig */;
			buildSettings = {
				ALWAYS_EMBED_SWIFT_STANDARD_LIBRARIES = YES;
				CODE_SIGN_STYLE = Automatic;
				CURRENT_PROJECT_VERSION = 1;
				DEVELOPMENT_TEAM = LH2R9ZM77F;
				GENERATE_INFOPLIST_FILE = YES;
				MARKETING_VERSION = 1.0;
				PRODUCT_BUNDLE_IDENTIFIER = com.gruposantander.MovieAppUITests;
				PRODUCT_NAME = "$(TARGET_NAME)";
				SWIFT_EMIT_LOC_STRINGS = NO;
				SWIFT_VERSION = 5.0;
				TARGETED_DEVICE_FAMILY = "1,2";
				TEST_TARGET_NAME = MovieApp;
			};
			name = Debug;
		};
		4B7275DE2A80C2B6000CC97B /* Release */ = {
			isa = XCBuildConfiguration;
			baseConfigurationReference = B5593B29D581D0CCE38A2374 /* Pods-MovieApp-MovieAppUITests.release.xcconfig */;
			buildSettings = {
				ALWAYS_EMBED_SWIFT_STANDARD_LIBRARIES = YES;
				CODE_SIGN_STYLE = Automatic;
				CURRENT_PROJECT_VERSION = 1;
				DEVELOPMENT_TEAM = LH2R9ZM77F;
				GENERATE_INFOPLIST_FILE = YES;
				MARKETING_VERSION = 1.0;
				PRODUCT_BUNDLE_IDENTIFIER = com.gruposantander.MovieAppUITests;
				PRODUCT_NAME = "$(TARGET_NAME)";
				SWIFT_EMIT_LOC_STRINGS = NO;
				SWIFT_VERSION = 5.0;
				TARGETED_DEVICE_FAMILY = "1,2";
				TEST_TARGET_NAME = MovieApp;
			};
			name = Release;
		};
/* End XCBuildConfiguration section */

/* Begin XCConfigurationList section */
		4B7275A72A80C2B5000CC97B /* Build configuration list for PBXProject "MovieApp" */ = {
			isa = XCConfigurationList;
			buildConfigurations = (
				4B7275D42A80C2B6000CC97B /* Debug */,
				4B7275D52A80C2B6000CC97B /* Release */,
			);
			defaultConfigurationIsVisible = 0;
			defaultConfigurationName = Release;
		};
		4B7275D62A80C2B6000CC97B /* Build configuration list for PBXNativeTarget "MovieApp" */ = {
			isa = XCConfigurationList;
			buildConfigurations = (
				4B7275D72A80C2B6000CC97B /* Debug */,
				4B7275D82A80C2B6000CC97B /* Release */,
			);
			defaultConfigurationIsVisible = 0;
			defaultConfigurationName = Release;
		};
		4B7275D92A80C2B6000CC97B /* Build configuration list for PBXNativeTarget "MovieAppTests" */ = {
			isa = XCConfigurationList;
			buildConfigurations = (
				4B7275DA2A80C2B6000CC97B /* Debug */,
				4B7275DB2A80C2B6000CC97B /* Release */,
			);
			defaultConfigurationIsVisible = 0;
			defaultConfigurationName = Release;
		};
		4B7275DC2A80C2B6000CC97B /* Build configuration list for PBXNativeTarget "MovieAppUITests" */ = {
			isa = XCConfigurationList;
			buildConfigurations = (
				4B7275DD2A80C2B6000CC97B /* Debug */,
				4B7275DE2A80C2B6000CC97B /* Release */,
			);
			defaultConfigurationIsVisible = 0;
			defaultConfigurationName = Release;
		};
/* End XCConfigurationList section */
	};
	rootObject = 4B7275A42A80C2B5000CC97B /* Project object */;
}
